
Microsoft Visual Studio Solution File, Format Version 12.00
# Visual Studio Version 16
VisualStudioVersion = 16.0.31229.75
MinimumVisualStudioVersion = 10.0.40219.1
Project("{8BC9CEB8-8B4A-11D0-8D11-00A0C91BC942}") = "Mastersever", "Mastersever\Mastersever.vcxproj", "{0FC680FD-9342-4334-8D0B-C176D501BDCB}"
EndProject
Global
	GlobalSection(SolutionConfigurationPlatforms) = preSolution
		Debug|x64 = Debug|x64
		Debug|x86 = Debug|x86
		Release|x64 = Release|x64
		Release|x86 = Release|x86
	EndGlobalSection
	GlobalSection(ProjectConfigurationPlatforms) = postSolution
		{0FC680FD-9342-4334-8D0B-C176D501BDCB}.Debug|x64.ActiveCfg = Debug|x64
		{0FC680FD-9342-4334-8D0B-C176D501BDCB}.Debug|x64.Build.0 = Debug|x64
		{0FC680FD-9342-4334-8D0B-C176D501BDCB}.Debug|x86.ActiveCfg = Debug|Win32
		{0FC680FD-9342-4334-8D0B-C176D501BDCB}.Debug|x86.Build.0 = Debug|Win32
		{0FC680FD-9342-4334-8D0B-C176D501BDCB}.Release|x64.ActiveCfg = Release|x64
		{0FC680FD-9342-4334-8D0B-C176D501BDCB}.Release|x64.Build.0 = Release|x64
		{0FC680FD-9342-4334-8D0B-C176D501BDCB}.Release|x86.ActiveCfg = Release|Win32
		{0FC680FD-9342-4334-8D0B-C176D501BDCB}.Release|x86.Build.0 = Release|Win32
	EndGlobalSection
	GlobalSection(SolutionProperties) = preSolution
		HideSolutionNode = FALSE
	EndGlobalSection
	GlobalSection(ExtensibilityGlobals) = postSolution
		SolutionGuid = {A02BA0BE-5739-4049-9624-1382C25FE805}
	EndGlobalSection
EndGlobal
